
Microsoft Visual Studio Solution File, Format Version 12.00
# Visual Studio 2015
Project("{FAE04EC0-301F-11D3-BF4B-00C04F79EFBC}") = "ug-projekt-gra-rpg.Plugins", "ug-projekt-gra-rpg.Plugins.csproj", "{3C7D1730-DC22-7308-FC12-322FF964FDD4}"
EndProject
Project("{FAE04EC0-301F-11D3-BF4B-00C04F79EFBC}") = "ug-projekt-gra-rpg", "ug-projekt-gra-rpg.csproj", "{BA700B9D-E397-D1A0-0CE6-B89E62210E64}"
EndProject
Project("{FAE04EC0-301F-11D3-BF4B-00C04F79EFBC}") = "ug-projekt-gra-rpg.Editor.Plugins", "ug-projekt-gra-rpg.Editor.Plugins.csproj", "{0A2791C9-A465-8CFD-0743-8D1CD5BD514F}"
EndProject
Project("{FAE04EC0-301F-11D3-BF4B-00C04F79EFBC}") = "ug-projekt-gra-rpg.Editor", "ug-projekt-gra-rpg.Editor.csproj", "{1156ECB4-4AA6-E80D-E2FA-97327275E17E}"
EndProject
Global
	GlobalSection(SolutionConfigurationPlatforms) = preSolution
		Debug|Any CPU = Debug|Any CPU
		Release|Any CPU = Release|Any CPU
	EndGlobalSection
	GlobalSection(ProjectConfigurationPlatforms) = postSolution
		{3C7D1730-DC22-7308-FC12-322FF964FDD4}.Debug|Any CPU.ActiveCfg = Debug|Any CPU
		{3C7D1730-DC22-7308-FC12-322FF964FDD4}.Debug|Any CPU.Build.0 = Debug|Any CPU
		{3C7D1730-DC22-7308-FC12-322FF964FDD4}.Release|Any CPU.ActiveCfg = Release|Any CPU
		{3C7D1730-DC22-7308-FC12-322FF964FDD4}.Release|Any CPU.Build.0 = Release|Any CPU
		{BA700B9D-E397-D1A0-0CE6-B89E62210E64}.Debug|Any CPU.ActiveCfg = Debug|Any CPU
		{BA700B9D-E397-D1A0-0CE6-B89E62210E64}.Debug|Any CPU.Build.0 = Debug|Any CPU
		{BA700B9D-E397-D1A0-0CE6-B89E62210E64}.Release|Any CPU.ActiveCfg = Release|Any CPU
		{BA700B9D-E397-D1A0-0CE6-B89E62210E64}.Release|Any CPU.Build.0 = Release|Any CPU
		{0A2791C9-A465-8CFD-0743-8D1CD5BD514F}.Debug|Any CPU.ActiveCfg = Debug|Any CPU
		{0A2791C9-A465-8CFD-0743-8D1CD5BD514F}.Debug|Any CPU.Build.0 = Debug|Any CPU
		{0A2791C9-A465-8CFD-0743-8D1CD5BD514F}.Release|Any CPU.ActiveCfg = Release|Any CPU
		{0A2791C9-A465-8CFD-0743-8D1CD5BD514F}.Release|Any CPU.Build.0 = Release|Any CPU
		{1156ECB4-4AA6-E80D-E2FA-97327275E17E}.Debug|Any CPU.ActiveCfg = Debug|Any CPU
		{1156ECB4-4AA6-E80D-E2FA-97327275E17E}.Debug|Any CPU.Build.0 = Debug|Any CPU
		{1156ECB4-4AA6-E80D-E2FA-97327275E17E}.Release|Any CPU.ActiveCfg = Release|Any CPU
		{1156ECB4-4AA6-E80D-E2FA-97327275E17E}.Release|Any CPU.Build.0 = Release|Any CPU
	EndGlobalSection
	GlobalSection(SolutionProperties) = preSolution
		HideSolutionNode = FALSE
	EndGlobalSection
EndGlobal
